// !$*UTF8*$!
{
	archiveVersion = 1;
	classes = {
	};
	objectVersion = 55;
	objects = {

/* Begin PBXBuildFile section */
		2029D3E527AE2D030079141D /* Apple_FrameWorkApp.swift in Sources */ = {isa = PBXBuildFile; fileRef = 2029D3E427AE2D030079141D /* Apple_FrameWorkApp.swift */; };
		2029D3E927AE2D050079141D /* Assets.xcassets in Resources */ = {isa = PBXBuildFile; fileRef = 2029D3E827AE2D050079141D /* Assets.xcassets */; };
		2029D3EC27AE2D050079141D /* Preview Assets.xcassets in Resources */ = {isa = PBXBuildFile; fileRef = 2029D3EB27AE2D050079141D /* Preview Assets.xcassets */; };
		2029D3F427AE2D540079141D /* Framework.swift in Sources */ = {isa = PBXBuildFile; fileRef = 2029D3F327AE2D540079141D /* Framework.swift */; };
		2029D3F627AE2F050079141D /* FrameworkGridView.swift in Sources */ = {isa = PBXBuildFile; fileRef = 2029D3F527AE2F050079141D /* FrameworkGridView.swift */; };
		203AC88727AFAFDB00A98A12 /* FrameworkTitleView.swift in Sources */ = {isa = PBXBuildFile; fileRef = 203AC88627AFAFDB00A98A12 /* FrameworkTitleView.swift */; };
		203AC88927AFB0E400A98A12 /* XDismissButton.swift in Sources */ = {isa = PBXBuildFile; fileRef = 203AC88827AFB0E400A98A12 /* XDismissButton.swift */; };
		206F52EB27AF816800304411 /* SafariView.swift in Sources */ = {isa = PBXBuildFile; fileRef = 206F52EA27AF816800304411 /* SafariView.swift */; };
		20C2059727AF714A00380D66 /* AFButton.swift in Sources */ = {isa = PBXBuildFile; fileRef = 20C2059627AF714A00380D66 /* AFButton.swift */; };
		20C2059927AF769300380D66 /* FrameworkGridViewModel.swift in Sources */ = {isa = PBXBuildFile; fileRef = 20C2059827AF769300380D66 /* FrameworkGridViewModel.swift */; };
		20E5FFB927AFC02C0037F71E /* FrameworkIcon.swift in Sources */ = {isa = PBXBuildFile; fileRef = 20E5FFB827AFC02C0037F71E /* FrameworkIcon.swift */; };
		20EE39C827AE736A004A6022 /* FrameworkDetailView.swift in Sources */ = {isa = PBXBuildFile; fileRef = 20EE39C727AE736A004A6022 /* FrameworkDetailView.swift */; };
/* End PBXBuildFile section */

/* Begin PBXFileReference section */
		2029D3E127AE2D030079141D /* Apple-FrameWork.app */ = {isa = PBXFileReference; explicitFileType = wrapper.application; includeInIndex = 0; path = "Apple-FrameWork.app"; sourceTree = BUILT_PRODUCTS_DIR; };
		2029D3E427AE2D030079141D /* Apple_FrameWorkApp.swift */ = {isa = PBXFileReference; lastKnownFileType = sourcecode.swift; path = Apple_FrameWorkApp.swift; sourceTree = "<group>"; };
		2029D3E827AE2D050079141D /* Assets.xcassets */ = {isa = PBXFileReference; lastKnownFileType = folder.assetcatalog; path = Assets.xcassets; sourceTree = "<group>"; };
		2029D3EB27AE2D050079141D /* Preview Assets.xcassets */ = {isa = PBXFileReference; lastKnownFileType = folder.assetcatalog; path = "Preview Assets.xcassets"; sourceTree = "<group>"; };
		2029D3F327AE2D540079141D /* Framework.swift */ = {isa = PBXFileReference; lastKnownFileType = sourcecode.swift; path = Framework.swift; sourceTree = "<group>"; };
		2029D3F527AE2F050079141D /* FrameworkGridView.swift */ = {isa = PBXFileReference; lastKnownFileType = sourcecode.swift; path = FrameworkGridView.swift; sourceTree = "<group>"; };
		203AC88627AFAFDB00A98A12 /* FrameworkTitleView.swift */ = {isa = PBXFileReference; lastKnownFileType = sourcecode.swift; path = FrameworkTitleView.swift; sourceTree = "<group>"; };
		203AC88827AFB0E400A98A12 /* XDismissButton.swift */ = {isa = PBXFileReference; lastKnownFileType = sourcecode.swift; path = XDismissButton.swift; sourceTree = "<group>"; };
		206F52EA27AF816800304411 /* SafariView.swift */ = {isa = PBXFileReference; lastKnownFileType = sourcecode.swift; path = SafariView.swift; sourceTree = "<group>"; };
		20C2059627AF714A00380D66 /* AFButton.swift */ = {isa = PBXFileReference; lastKnownFileType = sourcecode.swift; path = AFButton.swift; sourceTree = "<group>"; };
		20C2059827AF769300380D66 /* FrameworkGridViewModel.swift */ = {isa = PBXFileReference; lastKnownFileType = sourcecode.swift; path = FrameworkGridViewModel.swift; sourceTree = "<group>"; };
		20E5FFB827AFC02C0037F71E /* FrameworkIcon.swift */ = {isa = PBXFileReference; lastKnownFileType = sourcecode.swift; path = FrameworkIcon.swift; sourceTree = "<group>"; };
		20EE39C727AE736A004A6022 /* FrameworkDetailView.swift */ = {isa = PBXFileReference; lastKnownFileType = sourcecode.swift; path = FrameworkDetailView.swift; sourceTree = "<group>"; };
/* End PBXFileReference section */

/* Begin PBXFrameworksBuildPhase section */
		2029D3DE27AE2D030079141D /* Frameworks */ = {
			isa = PBXFrameworksBuildPhase;
			buildActionMask = 2147483647;
			files = (
			);
			runOnlyForDeploymentPostprocessing = 0;
		};
/* End PBXFrameworksBuildPhase section */

/* Begin PBXGroup section */
		2029D3D827AE2D030079141D = {
			isa = PBXGroup;
			children = (
				2029D3E327AE2D030079141D /* Apple-FrameWork-List */,
				2029D3E227AE2D030079141D /* Products */,
			);
			sourceTree = "<group>";
		};
		2029D3E227AE2D030079141D /* Products */ = {
			isa = PBXGroup;
			children = (
				2029D3E127AE2D030079141D /* Apple-FrameWork.app */,
			);
			name = Products;
			sourceTree = "<group>";
		};
		2029D3E327AE2D030079141D /* Apple-FrameWork-List */ = {
			isa = PBXGroup;
			children = (
				2029D3E427AE2D030079141D /* Apple_FrameWorkApp.swift */,
				2029D3E827AE2D050079141D /* Assets.xcassets */,
				2029D3F227AE2D450079141D /* Model */,
				2029D3EA27AE2D050079141D /* Preview Content */,
				20E5FFB127AFB3170037F71E /* Screens */,
				20E5FFB427AFB3620037F71E /* Views */,
			);
			path = "Apple-FrameWork-List";
			sourceTree = "<group>";
		};
		2029D3EA27AE2D050079141D /* Preview Content */ = {
			isa = PBXGroup;
			children = (
				2029D3EB27AE2D050079141D /* Preview Assets.xcassets */,
			);
			path = "Preview Content";
			sourceTree = "<group>";
		};
		2029D3F227AE2D450079141D /* Model */ = {
			isa = PBXGroup;
			children = (
				2029D3F327AE2D540079141D /* Framework.swift */,
			);
			path = Model;
			sourceTree = "<group>";
		};
		20E5FFB127AFB3170037F71E /* Screens */ = {
			isa = PBXGroup;
			children = (
				20E5FFB327AFB3480037F71E /* FrameworkDetailView */,
				20E5FFB227AFB3200037F71E /* FrameworkGridView */,
			);
			path = Screens;
			sourceTree = "<group>";
		};
		20E5FFB227AFB3200037F71E /* FrameworkGridView */ = {
			isa = PBXGroup;
			children = (
				2029D3F527AE2F050079141D /* FrameworkGridView.swift */,
				20C2059827AF769300380D66 /* FrameworkGridViewModel.swift */,
				20E5FFB727AFB3A90037F71E /* UIKit Components */,
			);
			path = FrameworkGridView;
			sourceTree = "<group>";
		};
		20E5FFB327AFB3480037F71E /* FrameworkDetailView */ = {
			isa = PBXGroup;
			children = (
				20EE39C727AE736A004A6022 /* FrameworkDetailView.swift */,
			);
			path = FrameworkDetailView;
			sourceTree = "<group>";
		};
		20E5FFB427AFB3620037F71E /* Views */ = {
			isa = PBXGroup;
			children = (
				20E5FFB627AFB3950037F71E /* View */,
				20E5FFB527AFB3820037F71E /* Button */,
			);
			path = Views;
			sourceTree = "<group>";
		};
		20E5FFB527AFB3820037F71E /* Button */ = {
			isa = PBXGroup;
			children = (
				203AC88827AFB0E400A98A12 /* XDismissButton.swift */,
				20C2059627AF714A00380D66 /* AFButton.swift */,
			);
			path = Button;
			sourceTree = "<group>";
		};
		20E5FFB627AFB3950037F71E /* View */ = {
			isa = PBXGroup;
			children = (
				203AC88627AFAFDB00A98A12 /* FrameworkTitleView.swift */,
				20E5FFB827AFC02C0037F71E /* FrameworkIcon.swift */,
			);
			path = View;
			sourceTree = "<group>";
		};
		20E5FFB727AFB3A90037F71E /* UIKit Components */ = {
			isa = PBXGroup;
			children = (
				206F52EA27AF816800304411 /* SafariView.swift */,
			);
			path = "UIKit Components";
			sourceTree = "<group>";
		};
/* End PBXGroup section */

/* Begin PBXNativeTarget section */
		2029D3E027AE2D030079141D /* Apple-FrameWork */ = {
			isa = PBXNativeTarget;
			buildConfigurationList = 2029D3EF27AE2D050079141D /* Build configuration list for PBXNativeTarget "Apple-FrameWork" */;
			buildPhases = (
				2029D3DD27AE2D030079141D /* Sources */,
				2029D3DE27AE2D030079141D /* Frameworks */,
				2029D3DF27AE2D030079141D /* Resources */,
			);
			buildRules = (
			);
			dependencies = (
			);
			name = "Apple-FrameWork";
			productName = "Apple-FrameWork";
			productReference = 2029D3E127AE2D030079141D /* Apple-FrameWork.app */;
			productType = "com.apple.product-type.application";
		};
/* End PBXNativeTarget section */

/* Begin PBXProject section */
		2029D3D927AE2D030079141D /* Project object */ = {
			isa = PBXProject;
			attributes = {
				BuildIndependentTargetsInParallel = 1;
				LastSwiftUpdateCheck = 1320;
				LastUpgradeCheck = 1320;
				TargetAttributes = {
					2029D3E027AE2D030079141D = {
						CreatedOnToolsVersion = 13.2.1;
					};
				};
			};
			buildConfigurationList = 2029D3DC27AE2D030079141D /* Build configuration list for PBXProject "Apple-FrameWork-List" */;
			compatibilityVersion = "Xcode 13.0";
			developmentRegion = en;
			hasScannedForEncodings = 0;
			knownRegions = (
				en,
				Base,
			);
			mainGroup = 2029D3D827AE2D030079141D;
			productRefGroup = 2029D3E227AE2D030079141D /* Products */;
			projectDirPath = "";
			projectRoot = "";
			targets = (
				2029D3E027AE2D030079141D /* Apple-FrameWork */,
			);
		};
/* End PBXProject section */

/* Begin PBXResourcesBuildPhase section */
		2029D3DF27AE2D030079141D /* Resources */ = {
			isa = PBXResourcesBuildPhase;
			buildActionMask = 2147483647;
			files = (
				2029D3EC27AE2D050079141D /* Preview Assets.xcassets in Resources */,
				2029D3E927AE2D050079141D /* Assets.xcassets in Resources */,
			);
			runOnlyForDeploymentPostprocessing = 0;
		};
/* End PBXResourcesBuildPhase section */

/* Begin PBXSourcesBuildPhase section */
		2029D3DD27AE2D030079141D /* Sources */ = {
			isa = PBXSourcesBuildPhase;
			buildActionMask = 2147483647;
			files = (
				20EE39C827AE736A004A6022 /* FrameworkDetailView.swift in Sources */,
				20E5FFB927AFC02C0037F71E /* FrameworkIcon.swift in Sources */,
				2029D3F627AE2F050079141D /* FrameworkGridView.swift in Sources */,
				203AC88927AFB0E400A98A12 /* XDismissButton.swift in Sources */,
				2029D3F427AE2D540079141D /* Framework.swift in Sources */,
				20C2059727AF714A00380D66 /* AFButton.swift in Sources */,
				2029D3E527AE2D030079141D /* Apple_FrameWorkApp.swift in Sources */,
				20C2059927AF769300380D66 /* FrameworkGridViewModel.swift in Sources */,
				203AC88727AFAFDB00A98A12 /* FrameworkTitleView.swift in Sources */,
				206F52EB27AF816800304411 /* SafariView.swift in Sources */,
			);
			runOnlyForDeploymentPostprocessing = 0;
		};
/* End PBXSourcesBuildPhase section */

/* Begin XCBuildConfiguration section */
		2029D3ED27AE2D050079141D /* Debug */ = {
			isa = XCBuildConfiguration;
			buildSettings = {
				ALWAYS_SEARCH_USER_PATHS = NO;
				CLANG_ANALYZER_NONNULL = YES;
				CLANG_ANALYZER_NUMBER_OBJECT_CONVERSION = YES_AGGRESSIVE;
				CLANG_CXX_LANGUAGE_STANDARD = "gnu++17";
				CLANG_CXX_LIBRARY = "libc++";
				CLANG_ENABLE_MODULES = YES;
				CLANG_ENABLE_OBJC_ARC = YES;
				CLANG_ENABLE_OBJC_WEAK = YES;
				CLANG_WARN_BLOCK_CAPTURE_AUTORELEASING = YES;
				CLANG_WARN_BOOL_CONVERSION = YES;
				CLANG_WARN_COMMA = YES;
				CLANG_WARN_CONSTANT_CONVERSION = YES;
				CLANG_WARN_DEPRECATED_OBJC_IMPLEMENTATIONS = YES;
				CLANG_WARN_DIRECT_OBJC_ISA_USAGE = YES_ERROR;
				CLANG_WARN_DOCUMENTATION_COMMENTS = YES;
				CLANG_WARN_EMPTY_BODY = YES;
				CLANG_WARN_ENUM_CONVERSION = YES;
				CLANG_WARN_INFINITE_RECURSION = YES;
				CLANG_WARN_INT_CONVERSION = YES;
				CLANG_WARN_NON_LITERAL_NULL_CONVERSION = YES;
				CLANG_WARN_OBJC_IMPLICIT_RETAIN_SELF = YES;
				CLANG_WARN_OBJC_LITERAL_CONVERSION = YES;
				CLANG_WARN_OBJC_ROOT_CLASS = YES_ERROR;
				CLANG_WARN_QUOTED_INCLUDE_IN_FRAMEWORK_HEADER = YES;
				CLANG_WARN_RANGE_LOOP_ANALYSIS = YES;
				CLANG_WARN_STRICT_PROTOTYPES = YES;
				CLANG_WARN_SUSPICIOUS_MOVE = YES;
				CLANG_WARN_UNGUARDED_AVAILABILITY = YES_AGGRESSIVE;
				CLANG_WARN_UNREACHABLE_CODE = YES;
				CLANG_WARN__DUPLICATE_METHOD_MATCH = YES;
				COPY_PHASE_STRIP = NO;
				DEBUG_INFORMATION_FORMAT = dwarf;
				ENABLE_STRICT_OBJC_MSGSEND = YES;
				ENABLE_TESTABILITY = YES;
				GCC_C_LANGUAGE_STANDARD = gnu11;
				GCC_DYNAMIC_NO_PIC = NO;
				GCC_NO_COMMON_BLOCKS = YES;
				GCC_OPTIMIZATION_LEVEL = 0;
				GCC_PREPROCESSOR_DEFINITIONS = (
					"DEBUG=1",
					"$(inherited)",
				);
				GCC_WARN_64_TO_32_BIT_CONVERSION = YES;
				GCC_WARN_ABOUT_RETURN_TYPE = YES_ERROR;
				GCC_WARN_UNDECLARED_SELECTOR = YES;
				GCC_WARN_UNINITIALIZED_AUTOS = YES_AGGRESSIVE;
				GCC_WARN_UNUSED_FUNCTION = YES;
				GCC_WARN_UNUSED_VARIABLE = YES;
				IPHONEOS_DEPLOYMENT_TARGET = 15.2;
				MTL_ENABLE_DEBUG_INFO = INCLUDE_SOURCE;
				MTL_FAST_MATH = YES;
				ONLY_ACTIVE_ARCH = YES;
				SDKROOT = iphoneos;
				SWIFT_ACTIVE_COMPILATION_CONDITIONS = DEBUG;
				SWIFT_OPTIMIZATION_LEVEL = "-Onone";
			};
			name = Debug;
		};
		2029D3EE27AE2D050079141D /* Release */ = {
			isa = XCBuildConfiguration;
			buildSettings = {
				ALWAYS_SEARCH_USER_PATHS = NO;
				CLANG_ANALYZER_NONNULL = YES;
				CLANG_ANALYZER_NUMBER_OBJECT_CONVERSION = YES_AGGRESSIVE;
				CLANG_CXX_LANGUAGE_STANDARD = "gnu++17";
				CLANG_CXX_LIBRARY = "libc++";
				CLANG_ENABLE_MODULES = YES;
				CLANG_ENABLE_OBJC_ARC = YES;
				CLANG_ENABLE_OBJC_WEAK = YES;
				CLANG_WARN_BLOCK_CAPTURE_AUTORELEASING = YES;
				CLANG_WARN_BOOL_CONVERSION = YES;
				CLANG_WARN_COMMA = YES;
				CLANG_WARN_CONSTANT_CONVERSION = YES;
				CLANG_WARN_DEPRECATED_OBJC_IMPLEMENTATIONS = YES;
				CLANG_WARN_DIRECT_OBJC_ISA_USAGE = YES_ERROR;
				CLANG_WARN_DOCUMENTATION_COMMENTS = YES;
				CLANG_WARN_EMPTY_BODY = YES;
				CLANG_WARN_ENUM_CONVERSION = YES;
				CLANG_WARN_INFINITE_RECURSION = YES;
				CLANG_WARN_INT_CONVERSION = YES;
				CLANG_WARN_NON_LITERAL_NULL_CONVERSION = YES;
				CLANG_WARN_OBJC_IMPLICIT_RETAIN_SELF = YES;
				CLANG_WARN_OBJC_LITERAL_CONVERSION = YES;
				CLANG_WARN_OBJC_ROOT_CLASS = YES_ERROR;
				CLANG_WARN_QUOTED_INCLUDE_IN_FRAMEWORK_HEADER = YES;
				CLANG_WARN_RANGE_LOOP_ANALYSIS = YES;
				CLANG_WARN_STRICT_PROTOTYPES = YES;
				CLANG_WARN_SUSPICIOUS_MOVE = YES;
				CLANG_WARN_UNGUARDED_AVAILABILITY = YES_AGGRESSIVE;
				CLANG_WARN_UNREACHABLE_CODE = YES;
				CLANG_WARN__DUPLICATE_METHOD_MATCH = YES;
				COPY_PHASE_STRIP = NO;
				DEBUG_INFORMATION_FORMAT = "dwarf-with-dsym";
				ENABLE_NS_ASSERTIONS = NO;
				ENABLE_STRICT_OBJC_MSGSEND = YES;
				GCC_C_LANGUAGE_STANDARD = gnu11;
				GCC_NO_COMMON_BLOCKS = YES;
				GCC_WARN_64_TO_32_BIT_CONVERSION = YES;
				GCC_WARN_ABOUT_RETURN_TYPE = YES_ERROR;
				GCC_WARN_UNDECLARED_SELECTOR = YES;
				GCC_WARN_UNINITIALIZED_AUTOS = YES_AGGRESSIVE;
				GCC_WARN_UNUSED_FUNCTION = YES;
				GCC_WARN_UNUSED_VARIABLE = YES;
				IPHONEOS_DEPLOYMENT_TARGET = 15.2;
				MTL_ENABLE_DEBUG_INFO = NO;
				MTL_FAST_MATH = YES;
				SDKROOT = iphoneos;
				SWIFT_COMPILATION_MODE = wholemodule;
				SWIFT_OPTIMIZATION_LEVEL = "-O";
				VALIDATE_PRODUCT = YES;
			};
			name = Release;
		};
		2029D3F027AE2D050079141D /* Debug */ = {
			isa = XCBuildConfiguration;
			buildSettings = {
				ASSETCATALOG_COMPILER_APPICON_NAME = AppIcon;
				ASSETCATALOG_COMPILER_GLOBAL_ACCENT_COLOR_NAME = AccentColor;
				CODE_SIGN_STYLE = Automatic;
				CURRENT_PROJECT_VERSION = 1;
				DEVELOPMENT_ASSET_PATHS = "\"Apple-FrameWork-List/Preview Content\"";
				DEVELOPMENT_TEAM = 3TC8M379VG;
				ENABLE_PREVIEWS = YES;
				GENERATE_INFOPLIST_FILE = YES;
				INFOPLIST_KEY_UIApplicationSceneManifest_Generation = YES;
				INFOPLIST_KEY_UIApplicationSupportsIndirectInputEvents = YES;
				INFOPLIST_KEY_UILaunchScreen_Generation = YES;
				INFOPLIST_KEY_UISupportedInterfaceOrientations_iPad = "UIInterfaceOrientationPortrait UIInterfaceOrientationPortraitUpsideDown UIInterfaceOrientationLandscapeLeft UIInterfaceOrientationLandscapeRight";
				INFOPLIST_KEY_UISupportedInterfaceOrientations_iPhone = "UIInterfaceOrientationPortrait UIInterfaceOrientationLandscapeLeft UIInterfaceOrientationLandscapeRight";
				LD_RUNPATH_SEARCH_PATHS = (
					"$(inherited)",
					"@executable_path/Frameworks",
				);
				MARKETING_VERSION = 1.0;
				PRODUCT_BUNDLE_IDENTIFIER = "com.exampleapp.Apple-FrameWork";
				PRODUCT_NAME = "$(TARGET_NAME)";
				SWIFT_EMIT_LOC_STRINGS = YES;
				SWIFT_VERSION = 5.0;
				TARGETED_DEVICE_FAMILY = "1,2";
			};
			name = Debug;
		};
		2029D3F127AE2D050079141D /* Release */ = {
			isa = XCBuildConfiguration;
			buildSettings = {
				ASSETCATALOG_COMPILER_APPICON_NAME = AppIcon;
				ASSETCATALOG_COMPILER_GLOBAL_ACCENT_COLOR_NAME = AccentColor;
				CODE_SIGN_STYLE = Automatic;
				CURRENT_PROJECT_VERSION = 1;
				DEVELOPMENT_ASSET_PATHS = "\"Apple-FrameWork-List/Preview Content\"";
				DEVELOPMENT_TEAM = 3TC8M379VG;
				ENABLE_PREVIEWS = YES;
				GENERATE_INFOPLIST_FILE = YES;
				INFOPLIST_KEY_UIApplicationSceneManifest_Generation = YES;
				INFOPLIST_KEY_UIApplicationSupportsIndirectInputEvents = YES;
				INFOPLIST_KEY_UILaunchScreen_Generation = YES;
				INFOPLIST_KEY_UISupportedInterfaceOrientations_iPad = "UIInterfaceOrientationPortrait UIInterfaceOrientationPortraitUpsideDown UIInterfaceOrientationLandscapeLeft UIInterfaceOrientationLandscapeRight";
				INFOPLIST_KEY_UISupportedInterfaceOrientations_iPhone = "UIInterfaceOrientationPortrait UIInterfaceOrientationLandscapeLeft UIInterfaceOrientationLandscapeRight";
				LD_RUNPATH_SEARCH_PATHS = (
					"$(inherited)",
					"@executable_path/Frameworks",
				);
				MARKETING_VERSION = 1.0;
				PRODUCT_BUNDLE_IDENTIFIER = "com.exampleapp.Apple-FrameWork";
				PRODUCT_NAME = "$(TARGET_NAME)";
				SWIFT_EMIT_LOC_STRINGS = YES;
				SWIFT_VERSION = 5.0;
				TARGETED_DEVICE_FAMILY = "1,2";
			};
			name = Release;
		};
/* End XCBuildConfiguration section */

/* Begin XCConfigurationList section */
		2029D3DC27AE2D030079141D /* Build configuration list for PBXProject "Apple-FrameWork-List" */ = {
			isa = XCConfigurationList;
			buildConfigurations = (
				2029D3ED27AE2D050079141D /* Debug */,
				2029D3EE27AE2D050079141D /* Release */,
			);
			defaultConfigurationIsVisible = 0;
			defaultConfigurationName = Release;
		};
		2029D3EF27AE2D050079141D /* Build configuration list for PBXNativeTarget "Apple-FrameWork" */ = {
			isa = XCConfigurationList;
			buildConfigurations = (
				2029D3F027AE2D050079141D /* Debug */,
				2029D3F127AE2D050079141D /* Release */,
			);
			defaultConfigurationIsVisible = 0;
			defaultConfigurationName = Release;
		};
/* End XCConfigurationList section */
	};
	rootObject = 2029D3D927AE2D030079141D /* Project object */;
}
